// !$*UTF8*$!
{
	archiveVersion = 1;
	classes = {
	};
	objectVersion = 63;
	objects = {

/* Begin PBXBuildFile section */
		09FEEF8E13E345105241B295 /* Pods_EnhancementTests.framework in Frameworks */ = {isa = PBXBuildFile; fileRef = 4794128696FE11BAD273092B /* Pods_EnhancementTests.framework */; };
		150F1FDD2D23434800AD6C40 /* colors.stencil in Resources */ = {isa = PBXBuildFile; fileRef = 150F1FDC2D23434800AD6C40 /* colors.stencil */; };
		1518BA842CDA8C5A0099F2F5 /* Button+Style.swift in Sources */ = {isa = PBXBuildFile; fileRef = 1518BA772CDA8C5A0099F2F5 /* Button+Style.swift */; };
		1518BA8F2CDAB9430099F2F5 /* UIButton+Style.swift in Sources */ = {isa = PBXBuildFile; fileRef = 1518BA8E2CDAB9430099F2F5 /* UIButton+Style.swift */; };
		151DF0F62CFF78D100DB3409 /* TargetType.swift in Sources */ = {isa = PBXBuildFile; fileRef = 151DF0F52CFF78D100DB3409 /* TargetType.swift */; };
		151DF0F82CFF7BD100DB3409 /* BaseApi.swift in Sources */ = {isa = PBXBuildFile; fileRef = 151DF0F72CFF7BD100DB3409 /* BaseApi.swift */; };
		151DF0FB2CFF954700DB3409 /* UsersNetworking.swift in Sources */ = {isa = PBXBuildFile; fileRef = 151DF0FA2CFF954700DB3409 /* UsersNetworking.swift */; };
		151DF0FE2CFF995900DB3409 /* UserModel.swift in Sources */ = {isa = PBXBuildFile; fileRef = 151DF0FD2CFF995900DB3409 /* UserModel.swift */; };
		151DF1022CFF9B8300DB3409 /* UserApi.swift in Sources */ = {isa = PBXBuildFile; fileRef = 151DF1012CFF9B8300DB3409 /* UserApi.swift */; };
		153B54012D035B860052E9CE /* Costants.swift in Sources */ = {isa = PBXBuildFile; fileRef = 153B54002D035B860052E9CE /* Costants.swift */; };
		153B54032D03988F0052E9CE /* BaseResponse.swift in Sources */ = {isa = PBXBuildFile; fileRef = 153B54022D03988F0052E9CE /* BaseResponse.swift */; };
		153DEC2D2CF3B81200037DBF /* AppDelegate.swift in Sources */ = {isa = PBXBuildFile; fileRef = 153DEC242CF3B81200037DBF /* AppDelegate.swift */; };
		153DEC2E2CF3B81200037DBF /* SceneDelegate.swift in Sources */ = {isa = PBXBuildFile; fileRef = 153DEC292CF3B81200037DBF /* SceneDelegate.swift */; };
		153DEC2F2CF3B81200037DBF /* ViewController.swift in Sources */ = {isa = PBXBuildFile; fileRef = 153DEC2A2CF3B81200037DBF /* ViewController.swift */; };
		153DEC302CF3B81200037DBF /* images.xcassets in Resources */ = {isa = PBXBuildFile; fileRef = 153DEC252CF3B81200037DBF /* images.xcassets */; };
		153DEC322CF3B81200037DBF /* LaunchScreen.storyboard in Resources */ = {isa = PBXBuildFile; fileRef = 153DEC272CF3B81200037DBF /* LaunchScreen.storyboard */; };
		153DEC332CF3B81200037DBF /* Main.storyboard in Resources */ = {isa = PBXBuildFile; fileRef = 153DEC282CF3B81200037DBF /* Main.storyboard */; };
		153DEC382CF3BB4D00037DBF /* LoginViewController.xib in Resources */ = {isa = PBXBuildFile; fileRef = 153DEC372CF3BB4D00037DBF /* LoginViewController.xib */; };
		153DEC392CF3BB4D00037DBF /* LoginViewController.swift in Sources */ = {isa = PBXBuildFile; fileRef = 153DEC362CF3BB4D00037DBF /* LoginViewController.swift */; };
		153DEC3D2CF3BBAC00037DBF /* LoginViewModelType.swift in Sources */ = {isa = PBXBuildFile; fileRef = 153DEC3C2CF3BBAC00037DBF /* LoginViewModelType.swift */; };
		153DEC3F2CF3BBB800037DBF /* LoginViewModel.swift in Sources */ = {isa = PBXBuildFile; fileRef = 153DEC3E2CF3BBB800037DBF /* LoginViewModel.swift */; };
		159B39FF2D20B08A00AE5333 /* Colors.xcassets in Resources */ = {isa = PBXBuildFile; fileRef = 159B39FE2D20B08A00AE5333 /* Colors.xcassets */; };
		159DD8E52CFB9F0E002586E7 /* Alamofire in Frameworks */ = {isa = PBXBuildFile; productRef = 159DD8E42CFB9F0E002586E7 /* Alamofire */; };
		159DD8ED2CFBB2A1002586E7 /* Networking.swift in Sources */ = {isa = PBXBuildFile; fileRef = 159DD8EC2CFBB2A1002586E7 /* Networking.swift */; };
		15A70BF62D2353EC0093A0B0 /* images.stencil in Resources */ = {isa = PBXBuildFile; fileRef = 15A70BF52D2353EC0093A0B0 /* images.stencil */; };
		15A70BFE2D23598C0093A0B0 /* Generated-Colors.swift in Sources */ = {isa = PBXBuildFile; fileRef = 15A70BFD2D23598C0093A0B0 /* Generated-Colors.swift */; };
		15A70C002D235A770093A0B0 /* Generated-Images.swift in Sources */ = {isa = PBXBuildFile; fileRef = 15A70BFF2D235A770093A0B0 /* Generated-Images.swift */; };
		15A70C092D23711C0093A0B0 /* Generated-Fonts.swift in Sources */ = {isa = PBXBuildFile; fileRef = 15A70C082D23711C0093A0B0 /* Generated-Fonts.swift */; };
		15A70C102D2374AA0093A0B0 /* Localizable.strings in Resources */ = {isa = PBXBuildFile; fileRef = 15A70C0E2D2374AA0093A0B0 /* Localizable.strings */; };
		15A70C132D2375EE0093A0B0 /* Generated-Localizable.swift in Resources */ = {isa = PBXBuildFile; fileRef = 15A70C112D2375EE0093A0B0 /* Generated-Localizable.swift */; };
		15ADA5C02D21B7D60002F1A7 /* SF-Pro-Text-SemiboldItalic.otf in Resources */ = {isa = PBXBuildFile; fileRef = 15ADA5BF2D21B7D60002F1A7 /* SF-Pro-Text-SemiboldItalic.otf */; };
		15ADA5C42D21C2D00002F1A7 /* Nunito-Bold.ttf in Resources */ = {isa = PBXBuildFile; fileRef = 15ADA5C32D21C2D00002F1A7 /* Nunito-Bold.ttf */; };
		3005E2830249984055630CF8 /* Pods_Enhancement.framework in Frameworks */ = {isa = PBXBuildFile; fileRef = 165619F90188A561D5DA6623 /* Pods_Enhancement.framework */; };
/* End PBXBuildFile section */

/* Begin PBXContainerItemProxy section */
		150B956D2D12305C0068662F /* PBXContainerItemProxy */ = {
			isa = PBXContainerItemProxy;
			containerPortal = 153409482CD95B0B00460E3E /* Project object */;
			proxyType = 1;
			remoteGlobalIDString = 1534094F2CD95B0B00460E3E;
			remoteInfo = Enhancement;
		};
/* End PBXContainerItemProxy section */

/* Begin PBXCopyFilesBuildPhase section */
		157858732CFBCF22006CAA55 /* Embed Frameworks */ = {
			isa = PBXCopyFilesBuildPhase;
			buildActionMask = 2147483647;
			dstPath = "";
			dstSubfolderSpec = 10;
			files = (
			);
			name = "Embed Frameworks";
			runOnlyForDeploymentPostprocessing = 0;
		};
/* End PBXCopyFilesBuildPhase section */

/* Begin PBXFileReference section */
		067A9FE780376BF417C69FB8 /* Pods-Enhancement.debug.xcconfig */ = {isa = PBXFileReference; includeInIndex = 1; lastKnownFileType = text.xcconfig; name = "Pods-Enhancement.debug.xcconfig"; path = "Target Support Files/Pods-Enhancement/Pods-Enhancement.debug.xcconfig"; sourceTree = "<group>"; };
		110FB50B75B7E3E97F4CFE83 /* Pods-Enhancement.release.xcconfig */ = {isa = PBXFileReference; includeInIndex = 1; lastKnownFileType = text.xcconfig; name = "Pods-Enhancement.release.xcconfig"; path = "Target Support Files/Pods-Enhancement/Pods-Enhancement.release.xcconfig"; sourceTree = "<group>"; };
		150B95692D12305C0068662F /* EnhancementTests.xctest */ = {isa = PBXFileReference; explicitFileType = wrapper.cfbundle; includeInIndex = 0; path = EnhancementTests.xctest; sourceTree = BUILT_PRODUCTS_DIR; };
		150F1FDC2D23434800AD6C40 /* colors.stencil */ = {isa = PBXFileReference; lastKnownFileType = text; path = colors.stencil; sourceTree = "<group>"; };
		1518BA772CDA8C5A0099F2F5 /* Button+Style.swift */ = {isa = PBXFileReference; lastKnownFileType = sourcecode.swift; path = "Button+Style.swift"; sourceTree = "<group>"; };
		1518BA8E2CDAB9430099F2F5 /* UIButton+Style.swift */ = {isa = PBXFileReference; lastKnownFileType = sourcecode.swift; path = "UIButton+Style.swift"; sourceTree = "<group>"; };
		151DF0F52CFF78D100DB3409 /* TargetType.swift */ = {isa = PBXFileReference; lastKnownFileType = sourcecode.swift; path = TargetType.swift; sourceTree = "<group>"; };
		151DF0F72CFF7BD100DB3409 /* BaseApi.swift */ = {isa = PBXFileReference; lastKnownFileType = sourcecode.swift; path = BaseApi.swift; sourceTree = "<group>"; };
		151DF0FA2CFF954700DB3409 /* UsersNetworking.swift */ = {isa = PBXFileReference; lastKnownFileType = sourcecode.swift; path = UsersNetworking.swift; sourceTree = "<group>"; };
		151DF0FD2CFF995900DB3409 /* UserModel.swift */ = {isa = PBXFileReference; lastKnownFileType = sourcecode.swift; path = UserModel.swift; sourceTree = "<group>"; };
		151DF1012CFF9B8300DB3409 /* UserApi.swift */ = {isa = PBXFileReference; lastKnownFileType = sourcecode.swift; path = UserApi.swift; sourceTree = "<group>"; };
		153409502CD95B0B00460E3E /* Enhancement.app */ = {isa = PBXFileReference; explicitFileType = wrapper.application; includeInIndex = 0; path = Enhancement.app; sourceTree = BUILT_PRODUCTS_DIR; };
		153B54002D035B860052E9CE /* Costants.swift */ = {isa = PBXFileReference; lastKnownFileType = sourcecode.swift; path = Costants.swift; sourceTree = "<group>"; };
		153B54022D03988F0052E9CE /* BaseResponse.swift */ = {isa = PBXFileReference; lastKnownFileType = sourcecode.swift; path = BaseResponse.swift; sourceTree = "<group>"; };
		153DEC242CF3B81200037DBF /* AppDelegate.swift */ = {isa = PBXFileReference; lastKnownFileType = sourcecode.swift; path = AppDelegate.swift; sourceTree = "<group>"; };
		153DEC252CF3B81200037DBF /* images.xcassets */ = {isa = PBXFileReference; lastKnownFileType = folder.assetcatalog; path = images.xcassets; sourceTree = "<group>"; };
		153DEC262CF3B81200037DBF /* Info.plist */ = {isa = PBXFileReference; lastKnownFileType = text.plist.xml; path = Info.plist; sourceTree = "<group>"; };
		153DEC292CF3B81200037DBF /* SceneDelegate.swift */ = {isa = PBXFileReference; lastKnownFileType = sourcecode.swift; path = SceneDelegate.swift; sourceTree = "<group>"; };
		153DEC2A2CF3B81200037DBF /* ViewController.swift */ = {isa = PBXFileReference; lastKnownFileType = sourcecode.swift; path = ViewController.swift; sourceTree = "<group>"; };
		153DEC2B2CF3B81200037DBF /* Base */ = {isa = PBXFileReference; lastKnownFileType = file.storyboard; name = Base; path = Base.lproj/LaunchScreen.storyboard; sourceTree = "<group>"; };
		153DEC2C2CF3B81200037DBF /* Base */ = {isa = PBXFileReference; lastKnownFileType = file.storyboard; name = Base; path = Base.lproj/Main.storyboard; sourceTree = "<group>"; };
		153DEC362CF3BB4D00037DBF /* LoginViewController.swift */ = {isa = PBXFileReference; lastKnownFileType = sourcecode.swift; path = LoginViewController.swift; sourceTree = "<group>"; };
		153DEC372CF3BB4D00037DBF /* LoginViewController.xib */ = {isa = PBXFileReference; lastKnownFileType = file.xib; path = LoginViewController.xib; sourceTree = "<group>"; };
		153DEC3C2CF3BBAC00037DBF /* LoginViewModelType.swift */ = {isa = PBXFileReference; lastKnownFileType = sourcecode.swift; path = LoginViewModelType.swift; sourceTree = "<group>"; };
		153DEC3E2CF3BBB800037DBF /* LoginViewModel.swift */ = {isa = PBXFileReference; lastKnownFileType = sourcecode.swift; path = LoginViewModel.swift; sourceTree = "<group>"; };
		159B39FE2D20B08A00AE5333 /* Colors.xcassets */ = {isa = PBXFileReference; lastKnownFileType = folder.assetcatalog; path = Colors.xcassets; sourceTree = "<group>"; };
		159DD8EC2CFBB2A1002586E7 /* Networking.swift */ = {isa = PBXFileReference; lastKnownFileType = sourcecode.swift; path = Networking.swift; sourceTree = "<group>"; };
		15A70BF52D2353EC0093A0B0 /* images.stencil */ = {isa = PBXFileReference; lastKnownFileType = text; path = images.stencil; sourceTree = "<group>"; };
		15A70BFD2D23598C0093A0B0 /* Generated-Colors.swift */ = {isa = PBXFileReference; lastKnownFileType = sourcecode.swift; path = "Generated-Colors.swift"; sourceTree = "<group>"; };
		15A70BFF2D235A770093A0B0 /* Generated-Images.swift */ = {isa = PBXFileReference; lastKnownFileType = sourcecode.swift; path = "Generated-Images.swift"; sourceTree = "<group>"; };
		15A70C082D23711C0093A0B0 /* Generated-Fonts.swift */ = {isa = PBXFileReference; lastKnownFileType = sourcecode.swift; path = "Generated-Fonts.swift"; sourceTree = "<group>"; };
		15A70C0F2D2374AA0093A0B0 /* en */ = {isa = PBXFileReference; lastKnownFileType = text.plist.strings; name = en; path = en.lproj/Localizable.strings; sourceTree = "<group>"; };
		15A70C122D2375EE0093A0B0 /* en */ = {isa = PBXFileReference; lastKnownFileType = sourcecode.swift; name = en; path = "en.lproj/Generated-Localizable.swift"; sourceTree = "<group>"; };
		15ADA5BF2D21B7D60002F1A7 /* SF-Pro-Text-SemiboldItalic.otf */ = {isa = PBXFileReference; lastKnownFileType = file; path = "SF-Pro-Text-SemiboldItalic.otf"; sourceTree = "<group>"; };
		15ADA5C32D21C2D00002F1A7 /* Nunito-Bold.ttf */ = {isa = PBXFileReference; lastKnownFileType = file; path = "Nunito-Bold.ttf"; sourceTree = "<group>"; };
		15FCEC4D2D123515004423BC /* Enhancement.xctestplan */ = {isa = PBXFileReference; lastKnownFileType = text; path = Enhancement.xctestplan; sourceTree = "<group>"; };
		165619F90188A561D5DA6623 /* Pods_Enhancement.framework */ = {isa = PBXFileReference; explicitFileType = wrapper.framework; includeInIndex = 0; path = Pods_Enhancement.framework; sourceTree = BUILT_PRODUCTS_DIR; };
		4794128696FE11BAD273092B /* Pods_EnhancementTests.framework */ = {isa = PBXFileReference; explicitFileType = wrapper.framework; includeInIndex = 0; path = Pods_EnhancementTests.framework; sourceTree = BUILT_PRODUCTS_DIR; };
		488D9B03B0D578A34A99BF2F /* Pods-EnhancementTests.release.xcconfig */ = {isa = PBXFileReference; includeInIndex = 1; lastKnownFileType = text.xcconfig; name = "Pods-EnhancementTests.release.xcconfig"; path = "Target Support Files/Pods-EnhancementTests/Pods-EnhancementTests.release.xcconfig"; sourceTree = "<group>"; };
		B544F964A848B83836DC96D2 /* Pods-EnhancementTests.debug.xcconfig */ = {isa = PBXFileReference; includeInIndex = 1; lastKnownFileType = text.xcconfig; name = "Pods-EnhancementTests.debug.xcconfig"; path = "Target Support Files/Pods-EnhancementTests/Pods-EnhancementTests.debug.xcconfig"; sourceTree = "<group>"; };
/* End PBXFileReference section */

/* Begin PBXFrameworksBuildPhase section */
		150B95662D12305C0068662F /* Frameworks */ = {
			isa = PBXFrameworksBuildPhase;
			buildActionMask = 2147483647;
			files = (
				09FEEF8E13E345105241B295 /* Pods_EnhancementTests.framework in Frameworks */,
			);
			runOnlyForDeploymentPostprocessing = 0;
		};
		1534094D2CD95B0B00460E3E /* Frameworks */ = {
			isa = PBXFrameworksBuildPhase;
			buildActionMask = 2147483647;
			files = (
				159DD8E52CFB9F0E002586E7 /* Alamofire in Frameworks */,
				3005E2830249984055630CF8 /* Pods_Enhancement.framework in Frameworks */,
			);
			runOnlyForDeploymentPostprocessing = 0;
		};
/* End PBXFrameworksBuildPhase section */

/* Begin PBXGroup section */
		150B956A2D12305C0068662F /* EnhancementTests */ = {
			isa = PBXGroup;
			children = (
			);
			path = EnhancementTests;
			sourceTree = "<group>";
		};
		1518BA8D2CDAB8970099F2F5 /* Extension */ = {
			isa = PBXGroup;
			children = (
				1518BA772CDA8C5A0099F2F5 /* Button+Style.swift */,
				1518BA8E2CDAB9430099F2F5 /* UIButton+Style.swift */,
			);
			path = Extension;
			sourceTree = "<group>";
		};
		151DF0F42CFF78C400DB3409 /* Base */ = {
			isa = PBXGroup;
			children = (
				151DF0F52CFF78D100DB3409 /* TargetType.swift */,
				151DF0F72CFF7BD100DB3409 /* BaseApi.swift */,
				153B54022D03988F0052E9CE /* BaseResponse.swift */,
			);
			path = Base;
			sourceTree = "<group>";
		};
		151DF0F92CFF952800DB3409 /* Users */ = {
			isa = PBXGroup;
			children = (
				151DF0FA2CFF954700DB3409 /* UsersNetworking.swift */,
				151DF1012CFF9B8300DB3409 /* UserApi.swift */,
			);
			path = Users;
			sourceTree = "<group>";
		};
		151DF0FC2CFF994B00DB3409 /* Models */ = {
			isa = PBXGroup;
			children = (
				151DF0FD2CFF995900DB3409 /* UserModel.swift */,
			);
			path = Models;
			sourceTree = "<group>";
		};
		153409472CD95B0B00460E3E = {
			isa = PBXGroup;
			children = (
				15CFC43A2D20845D00B33FB2 /* Resources */,
				153DEC342CF3BA1900037DBF /* Enhancement */,
				150B956A2D12305C0068662F /* EnhancementTests */,
				153409512CD95B0B00460E3E /* Products */,
				C67899EEE498D41BCC1775C0 /* Pods */,
				8A8F0B0B95B1D5CC74AB37B7 /* Frameworks */,
			);
			sourceTree = "<group>";
		};
		153409512CD95B0B00460E3E /* Products */ = {
			isa = PBXGroup;
			children = (
				153409502CD95B0B00460E3E /* Enhancement.app */,
				150B95692D12305C0068662F /* EnhancementTests.xctest */,
			);
			name = Products;
			sourceTree = "<group>";
		};
		153DEC342CF3BA1900037DBF /* Enhancement */ = {
			isa = PBXGroup;
			children = (
				1518BA8D2CDAB8970099F2F5 /* Extension */,
				159DD8E92CFBA85F002586E7 /* NetworkLayer */,
				153DEC352CF3BAA000037DBF /* Scenes */,
				153DEC242CF3B81200037DBF /* AppDelegate.swift */,
				153DEC262CF3B81200037DBF /* Info.plist */,
				153DEC272CF3B81200037DBF /* LaunchScreen.storyboard */,
				153DEC282CF3B81200037DBF /* Main.storyboard */,
				153DEC292CF3B81200037DBF /* SceneDelegate.swift */,
				153DEC2A2CF3B81200037DBF /* ViewController.swift */,
				15ADA5C92D21EF630002F1A7 /* Tests */,
			);
			path = Enhancement;
			sourceTree = "<group>";
		};
		153DEC352CF3BAA000037DBF /* Scenes */ = {
			isa = PBXGroup;
			children = (
				153DEC3C2CF3BBAC00037DBF /* LoginViewModelType.swift */,
				153DEC362CF3BB4D00037DBF /* LoginViewController.swift */,
				153DEC372CF3BB4D00037DBF /* LoginViewController.xib */,
				153DEC3E2CF3BBB800037DBF /* LoginViewModel.swift */,
			);
			path = Scenes;
			sourceTree = "<group>";
		};
		159DD8E92CFBA85F002586E7 /* NetworkLayer */ = {
			isa = PBXGroup;
			children = (
				153B54002D035B860052E9CE /* Costants.swift */,
				151DF0FC2CFF994B00DB3409 /* Models */,
				151DF0F92CFF952800DB3409 /* Users */,
				151DF0F42CFF78C400DB3409 /* Base */,
				159DD8EC2CFBB2A1002586E7 /* Networking.swift */,
			);
			path = NetworkLayer;
			sourceTree = "<group>";
		};
		15A70BF72D2355AE0093A0B0 /* Colors */ = {
			isa = PBXGroup;
			children = (
				150F1FDC2D23434800AD6C40 /* colors.stencil */,
				159B39FE2D20B08A00AE5333 /* Colors.xcassets */,
				15A70BFD2D23598C0093A0B0 /* Generated-Colors.swift */,
			);
			path = Colors;
			sourceTree = "<group>";
		};
		15A70BF82D2355C20093A0B0 /* Images */ = {
			isa = PBXGroup;
			children = (
				15A70BF52D2353EC0093A0B0 /* images.stencil */,
				153DEC252CF3B81200037DBF /* images.xcassets */,
				15A70BFF2D235A770093A0B0 /* Generated-Images.swift */,
			);
			path = Images;
			sourceTree = "<group>";
		};
		15A70C012D235B3C0093A0B0 /* Fonts */ = {
			isa = PBXGroup;
			children = (
				15ADA5C32D21C2D00002F1A7 /* Nunito-Bold.ttf */,
				15ADA5BF2D21B7D60002F1A7 /* SF-Pro-Text-SemiboldItalic.otf */,
				15A70C082D23711C0093A0B0 /* Generated-Fonts.swift */,
			);
			path = Fonts;
			sourceTree = "<group>";
		};
		15A70C0A2D2373620093A0B0 /* Localization */ = {
			isa = PBXGroup;
			children = (
				15A70C112D2375EE0093A0B0 /* Generated-Localizable.swift */,
				15A70C0E2D2374AA0093A0B0 /* Localizable.strings */,
			);
			path = Localization;
			sourceTree = "<group>";
		};
		15ADA5C52D21E9E30002F1A7 /* SwiftGen */ = {
			isa = PBXGroup;
			children = (
				15A70BF72D2355AE0093A0B0 /* Colors */,
				15A70C012D235B3C0093A0B0 /* Fonts */,
				15A70BF82D2355C20093A0B0 /* Images */,
				15A70C0A2D2373620093A0B0 /* Localization */,
			);
			path = SwiftGen;
			sourceTree = "<group>";
		};
		15ADA5C92D21EF630002F1A7 /* Tests */ = {
			isa = PBXGroup;
			children = (
				15FCEC4D2D123515004423BC /* Enhancement.xctestplan */,
			);
			path = Tests;
			sourceTree = "<group>";
		};
		15CFC43A2D20845D00B33FB2 /* Resources */ = {
			isa = PBXGroup;
			children = (
				15ADA5C52D21E9E30002F1A7 /* SwiftGen */,
			);
			path = Resources;
			sourceTree = "<group>";
		};
		8A8F0B0B95B1D5CC74AB37B7 /* Frameworks */ = {
			isa = PBXGroup;
			children = (
				165619F90188A561D5DA6623 /* Pods_Enhancement.framework */,
				4794128696FE11BAD273092B /* Pods_EnhancementTests.framework */,
			);
			name = Frameworks;
			sourceTree = "<group>";
		};
		C67899EEE498D41BCC1775C0 /* Pods */ = {
			isa = PBXGroup;
			children = (
				067A9FE780376BF417C69FB8 /* Pods-Enhancement.debug.xcconfig */,
				110FB50B75B7E3E97F4CFE83 /* Pods-Enhancement.release.xcconfig */,
				B544F964A848B83836DC96D2 /* Pods-EnhancementTests.debug.xcconfig */,
				488D9B03B0D578A34A99BF2F /* Pods-EnhancementTests.release.xcconfig */,
			);
			path = Pods;
			sourceTree = "<group>";
		};
/* End PBXGroup section */

/* Begin PBXNativeTarget section */
		150B95682D12305C0068662F /* EnhancementTests */ = {
			isa = PBXNativeTarget;
			buildConfigurationList = 150B956F2D12305C0068662F /* Build configuration list for PBXNativeTarget "EnhancementTests" */;
			buildPhases = (
				FD319A121FDB1CCB60B4E0E0 /* [CP] Check Pods Manifest.lock */,
				150B95652D12305C0068662F /* Sources */,
				150B95662D12305C0068662F /* Frameworks */,
				150B95672D12305C0068662F /* Resources */,
			);
			buildRules = (
			);
			dependencies = (
				150B956E2D12305C0068662F /* PBXTargetDependency */,
			);
			name = EnhancementTests;
			productName = EnhancementTests;
			productReference = 150B95692D12305C0068662F /* EnhancementTests.xctest */;
			productType = "com.apple.product-type.bundle.unit-test";
		};
		1534094F2CD95B0B00460E3E /* Enhancement */ = {
			isa = PBXNativeTarget;
			buildConfigurationList = 153409632CD95B0E00460E3E /* Build configuration list for PBXNativeTarget "Enhancement" */;
			buildPhases = (
				DC2E4B2F18A1CA49D7E332FF /* [CP] Check Pods Manifest.lock */,
				1534094C2CD95B0B00460E3E /* Sources */,
				1534094D2CD95B0B00460E3E /* Frameworks */,
				1534094E2CD95B0B00460E3E /* Resources */,
				157858732CFBCF22006CAA55 /* Embed Frameworks */,
			);
			buildRules = (
			);
			dependencies = (
			);
			name = Enhancement;
			packageProductDependencies = (
				159DD8E42CFB9F0E002586E7 /* Alamofire */,
			);
			productName = Enhancement;
			productReference = 153409502CD95B0B00460E3E /* Enhancement.app */;
			productType = "com.apple.product-type.application";
		};
/* End PBXNativeTarget section */

/* Begin PBXProject section */
		153409482CD95B0B00460E3E /* Project object */ = {
			isa = PBXProject;
			attributes = {
				BuildIndependentTargetsInParallel = 1;
				LastSwiftUpdateCheck = 1610;
				LastUpgradeCheck = 1600;
				TargetAttributes = {
					150B95682D12305C0068662F = {
						CreatedOnToolsVersion = 16.1;
						TestTargetID = 1534094F2CD95B0B00460E3E;
					};
					1534094F2CD95B0B00460E3E = {
						CreatedOnToolsVersion = 16.0;
					};
				};
			};
			buildConfigurationList = 1534094B2CD95B0B00460E3E /* Build configuration list for PBXProject "Enhancement" */;
			compatibilityVersion = "Xcode 14.0";
			developmentRegion = en;
			hasScannedForEncodings = 0;
			knownRegions = (
				en,
				Base,
			);
			mainGroup = 153409472CD95B0B00460E3E;
			minimizedProjectReferenceProxies = 1;
			packageReferences = (
				159DD8E32CFB9F0E002586E7 /* XCRemoteSwiftPackageReference "Alamofire" */,
			);
			productRefGroup = 153409512CD95B0B00460E3E /* Products */;
			projectDirPath = "";
			projectRoot = "";
			targets = (
				1534094F2CD95B0B00460E3E /* Enhancement */,
				150B95682D12305C0068662F /* EnhancementTests */,
			);
		};
/* End PBXProject section */

/* Begin PBXResourcesBuildPhase section */
		150B95672D12305C0068662F /* Resources */ = {
			isa = PBXResourcesBuildPhase;
			buildActionMask = 2147483647;
			files = (
			);
			runOnlyForDeploymentPostprocessing = 0;
		};
		1534094E2CD95B0B00460E3E /* Resources */ = {
			isa = PBXResourcesBuildPhase;
			buildActionMask = 2147483647;
			files = (
				15ADA5C02D21B7D60002F1A7 /* SF-Pro-Text-SemiboldItalic.otf in Resources */,
				153DEC382CF3BB4D00037DBF /* LoginViewController.xib in Resources */,
				15A70BF62D2353EC0093A0B0 /* images.stencil in Resources */,
				15ADA5C42D21C2D00002F1A7 /* Nunito-Bold.ttf in Resources */,
				15A70C132D2375EE0093A0B0 /* Generated-Localizable.swift in Resources */,
				153DEC302CF3B81200037DBF /* images.xcassets in Resources */,
				15A70C102D2374AA0093A0B0 /* Localizable.strings in Resources */,
				150F1FDD2D23434800AD6C40 /* colors.stencil in Resources */,
				153DEC322CF3B81200037DBF /* LaunchScreen.storyboard in Resources */,
				153DEC332CF3B81200037DBF /* Main.storyboard in Resources */,
				159B39FF2D20B08A00AE5333 /* Colors.xcassets in Resources */,
			);
			runOnlyForDeploymentPostprocessing = 0;
		};
/* End PBXResourcesBuildPhase section */

/* Begin PBXShellScriptBuildPhase section */
		DC2E4B2F18A1CA49D7E332FF /* [CP] Check Pods Manifest.lock */ = {
			isa = PBXShellScriptBuildPhase;
			buildActionMask = 2147483647;
			files = (
			);
			inputFileListPaths = (
			);
			inputPaths = (
				"${PODS_PODFILE_DIR_PATH}/Podfile.lock",
				"${PODS_ROOT}/Manifest.lock",
			);
			name = "[CP] Check Pods Manifest.lock";
			outputFileListPaths = (
			);
			outputPaths = (
				"$(DERIVED_FILE_DIR)/Pods-Enhancement-checkManifestLockResult.txt",
			);
			runOnlyForDeploymentPostprocessing = 0;
			shellPath = /bin/sh;
			shellScript = "diff \"${PODS_PODFILE_DIR_PATH}/Podfile.lock\" \"${PODS_ROOT}/Manifest.lock\" > /dev/null\nif [ $? != 0 ] ; then\n    # print error to STDERR\n    echo \"error: The sandbox is not in sync with the Podfile.lock. Run 'pod install' or update your CocoaPods installation.\" >&2\n    exit 1\nfi\n# This output is used by Xcode 'outputs' to avoid re-running this script phase.\necho \"SUCCESS\" > \"${SCRIPT_OUTPUT_FILE_0}\"\n";
			showEnvVarsInLog = 0;
		};
		FD319A121FDB1CCB60B4E0E0 /* [CP] Check Pods Manifest.lock */ = {
			isa = PBXShellScriptBuildPhase;
			buildActionMask = 2147483647;
			files = (
			);
			inputFileListPaths = (
			);
			inputPaths = (
				"${PODS_PODFILE_DIR_PATH}/Podfile.lock",
				"${PODS_ROOT}/Manifest.lock",
			);
			name = "[CP] Check Pods Manifest.lock";
			outputFileListPaths = (
			);
			outputPaths = (
				"$(DERIVED_FILE_DIR)/Pods-EnhancementTests-checkManifestLockResult.txt",
			);
			runOnlyForDeploymentPostprocessing = 0;
			shellPath = /bin/sh;
			shellScript = "diff \"${PODS_PODFILE_DIR_PATH}/Podfile.lock\" \"${PODS_ROOT}/Manifest.lock\" > /dev/null\nif [ $? != 0 ] ; then\n    # print error to STDERR\n    echo \"error: The sandbox is not in sync with the Podfile.lock. Run 'pod install' or update your CocoaPods installation.\" >&2\n    exit 1\nfi\n# This output is used by Xcode 'outputs' to avoid re-running this script phase.\necho \"SUCCESS\" > \"${SCRIPT_OUTPUT_FILE_0}\"\n";
			showEnvVarsInLog = 0;
		};
/* End PBXShellScriptBuildPhase section */

/* Begin PBXSourcesBuildPhase section */
		150B95652D12305C0068662F /* Sources */ = {
			isa = PBXSourcesBuildPhase;
			buildActionMask = 2147483647;
			files = (
			);
			runOnlyForDeploymentPostprocessing = 0;
		};
		1534094C2CD95B0B00460E3E /* Sources */ = {
			isa = PBXSourcesBuildPhase;
			buildActionMask = 2147483647;
			files = (
				151DF0F62CFF78D100DB3409 /* TargetType.swift in Sources */,
				15A70C002D235A770093A0B0 /* Generated-Images.swift in Sources */,
				153DEC392CF3BB4D00037DBF /* LoginViewController.swift in Sources */,
				153DEC2D2CF3B81200037DBF /* AppDelegate.swift in Sources */,
				153DEC3D2CF3BBAC00037DBF /* LoginViewModelType.swift in Sources */,
				159DD8ED2CFBB2A1002586E7 /* Networking.swift in Sources */,
				151DF1022CFF9B8300DB3409 /* UserApi.swift in Sources */,
				151DF0FE2CFF995900DB3409 /* UserModel.swift in Sources */,
				153B54032D03988F0052E9CE /* BaseResponse.swift in Sources */,
				15A70BFE2D23598C0093A0B0 /* Generated-Colors.swift in Sources */,
				153B54012D035B860052E9CE /* Costants.swift in Sources */,
				153DEC2E2CF3B81200037DBF /* SceneDelegate.swift in Sources */,
				153DEC3F2CF3BBB800037DBF /* LoginViewModel.swift in Sources */,
				153DEC2F2CF3B81200037DBF /* ViewController.swift in Sources */,
				151DF0F82CFF7BD100DB3409 /* BaseApi.swift in Sources */,
				1518BA842CDA8C5A0099F2F5 /* Button+Style.swift in Sources */,
				151DF0FB2CFF954700DB3409 /* UsersNetworking.swift in Sources */,
				15A70C092D23711C0093A0B0 /* Generated-Fonts.swift in Sources */,
				1518BA8F2CDAB9430099F2F5 /* UIButton+Style.swift in Sources */,
			);
			runOnlyForDeploymentPostprocessing = 0;
		};
/* End PBXSourcesBuildPhase section */

/* Begin PBXTargetDependency section */
		150B956E2D12305C0068662F /* PBXTargetDependency */ = {
			isa = PBXTargetDependency;
			target = 1534094F2CD95B0B00460E3E /* Enhancement */;
			targetProxy = 150B956D2D12305C0068662F /* PBXContainerItemProxy */;
		};
/* End PBXTargetDependency section */

/* Begin PBXVariantGroup section */
		153DEC272CF3B81200037DBF /* LaunchScreen.storyboard */ = {
			isa = PBXVariantGroup;
			children = (
				153DEC2B2CF3B81200037DBF /* Base */,
			);
			name = LaunchScreen.storyboard;
			sourceTree = "<group>";
		};
		153DEC282CF3B81200037DBF /* Main.storyboard */ = {
			isa = PBXVariantGroup;
			children = (
				153DEC2C2CF3B81200037DBF /* Base */,
			);
			name = Main.storyboard;
			sourceTree = "<group>";
		};
		15A70C0E2D2374AA0093A0B0 /* Localizable.strings */ = {
			isa = PBXVariantGroup;
			children = (
				15A70C0F2D2374AA0093A0B0 /* en */,
			);
			name = Localizable.strings;
			sourceTree = "<group>";
		};
		15A70C112D2375EE0093A0B0 /* Generated-Localizable.swift */ = {
			isa = PBXVariantGroup;
			children = (
				15A70C122D2375EE0093A0B0 /* en */,
			);
			name = "Generated-Localizable.swift";
			sourceTree = "<group>";
		};
/* End PBXVariantGroup section */

/* Begin XCBuildConfiguration section */
		150B95702D12305C0068662F /* Debug */ = {
			isa = XCBuildConfiguration;
			baseConfigurationReference = B544F964A848B83836DC96D2 /* Pods-EnhancementTests.debug.xcconfig */;
			buildSettings = {
				BUNDLE_LOADER = "$(TEST_HOST)";
				CODE_SIGN_STYLE = Automatic;
				CURRENT_PROJECT_VERSION = 1;
				GENERATE_INFOPLIST_FILE = YES;
				IPHONEOS_DEPLOYMENT_TARGET = 18.1;
				MARKETING_VERSION = 1.0;
				PRODUCT_BUNDLE_IDENTIFIER = com.MahmoudAlaa.EnhancementTests;
				PRODUCT_NAME = "$(TARGET_NAME)";
				SWIFT_EMIT_LOC_STRINGS = NO;
				SWIFT_VERSION = 5.0;
				TARGETED_DEVICE_FAMILY = "1,2";
				TEST_HOST = "$(BUILT_PRODUCTS_DIR)/Enhancement.app/$(BUNDLE_EXECUTABLE_FOLDER_PATH)/Enhancement";
			};
			name = Debug;
		};
		150B95712D12305C0068662F /* Release */ = {
			isa = XCBuildConfiguration;
			baseConfigurationReference = 488D9B03B0D578A34A99BF2F /* Pods-EnhancementTests.release.xcconfig */;
			buildSettings = {
				BUNDLE_LOADER = "$(TEST_HOST)";
				CODE_SIGN_STYLE = Automatic;
				CURRENT_PROJECT_VERSION = 1;
				GENERATE_INFOPLIST_FILE = YES;
				IPHONEOS_DEPLOYMENT_TARGET = 18.1;
				MARKETING_VERSION = 1.0;
				PRODUCT_BUNDLE_IDENTIFIER = com.MahmoudAlaa.EnhancementTests;
				PRODUCT_NAME = "$(TARGET_NAME)";
				SWIFT_EMIT_LOC_STRINGS = NO;
				SWIFT_VERSION = 5.0;
				TARGETED_DEVICE_FAMILY = "1,2";
				TEST_HOST = "$(BUILT_PRODUCTS_DIR)/Enhancement.app/$(BUNDLE_EXECUTABLE_FOLDER_PATH)/Enhancement";
			};
			name = Release;
		};
		153409642CD95B0E00460E3E /* Debug */ = {
			isa = XCBuildConfiguration;
			baseConfigurationReference = 067A9FE780376BF417C69FB8 /* Pods-Enhancement.debug.xcconfig */;
			buildSettings = {
				ASSETCATALOG_COMPILER_APPICON_NAME = AppIcon;
				ASSETCATALOG_COMPILER_GLOBAL_ACCENT_COLOR_NAME = AccentColor;
				CODE_SIGN_STYLE = Automatic;
				CURRENT_PROJECT_VERSION = 1;
				ENABLE_USER_SCRIPT_SANDBOXING = NO;
				GENERATE_INFOPLIST_FILE = YES;
				INFOPLIST_FILE = Enhancement/Info.plist;
				INFOPLIST_KEY_UIApplicationSupportsIndirectInputEvents = YES;
				INFOPLIST_KEY_UILaunchStoryboardName = LaunchScreen;
				INFOPLIST_KEY_UIMainStoryboardFile = Main;
				INFOPLIST_KEY_UISupportedInterfaceOrientations_iPad = "UIInterfaceOrientationPortrait UIInterfaceOrientationPortraitUpsideDown UIInterfaceOrientationLandscapeLeft UIInterfaceOrientationLandscapeRight";
				INFOPLIST_KEY_UISupportedInterfaceOrientations_iPhone = "UIInterfaceOrientationPortrait UIInterfaceOrientationLandscapeLeft UIInterfaceOrientationLandscapeRight";
				LD_RUNPATH_SEARCH_PATHS = (
					"$(inherited)",
					"@executable_path/Frameworks",
				);
				MARKETING_VERSION = 1.0;
				PRODUCT_BUNDLE_IDENTIFIER = com.MahmoudAlaa.Enhancement;
				PRODUCT_NAME = "$(TARGET_NAME)";
				SWIFT_EMIT_LOC_STRINGS = YES;
				SWIFT_VERSION = 5.0;
				TARGETED_DEVICE_FAMILY = "1,2";
			};
			name = Debug;
		};
		153409652CD95B0E00460E3E /* Release */ = {
			isa = XCBuildConfiguration;
			baseConfigurationReference = 110FB50B75B7E3E97F4CFE83 /* Pods-Enhancement.release.xcconfig */;
			buildSettings = {
				ASSETCATALOG_COMPILER_APPICON_NAME = AppIcon;
				ASSETCATALOG_COMPILER_GLOBAL_ACCENT_COLOR_NAME = AccentColor;
				CODE_SIGN_STYLE = Automatic;
				CURRENT_PROJECT_VERSION = 1;
				ENABLE_USER_SCRIPT_SANDBOXING = NO;
				GENERATE_INFOPLIST_FILE = YES;
				INFOPLIST_FILE = Enhancement/Info.plist;
				INFOPLIST_KEY_UIApplicationSupportsIndirectInputEvents = YES;
				INFOPLIST_KEY_UILaunchStoryboardName = LaunchScreen;
				INFOPLIST_KEY_UIMainStoryboardFile = Main;
				INFOPLIST_KEY_UISupportedInterfaceOrientations_iPad = "UIInterfaceOrientationPortrait UIInterfaceOrientationPortraitUpsideDown UIInterfaceOrientationLandscapeLeft UIInterfaceOrientationLandscapeRight";
				INFOPLIST_KEY_UISupportedInterfaceOrientations_iPhone = "UIInterfaceOrientationPortrait UIInterfaceOrientationLandscapeLeft UIInterfaceOrientationLandscapeRight";
				LD_RUNPATH_SEARCH_PATHS = (
					"$(inherited)",
					"@executable_path/Frameworks",
				);
				MARKETING_VERSION = 1.0;
				PRODUCT_BUNDLE_IDENTIFIER = com.MahmoudAlaa.Enhancement;
				PRODUCT_NAME = "$(TARGET_NAME)";
				SWIFT_EMIT_LOC_STRINGS = YES;
				SWIFT_VERSION = 5.0;
				TARGETED_DEVICE_FAMILY = "1,2";
			};
			name = Release;
		};
		153409662CD95B0E00460E3E /* Debug */ = {
			isa = XCBuildConfiguration;
			buildSettings = {
				ALWAYS_SEARCH_USER_PATHS = NO;
				ASSETCATALOG_COMPILER_GENERATE_SWIFT_ASSET_SYMBOL_EXTENSIONS = YES;
				CLANG_ANALYZER_NONNULL = YES;
				CLANG_ANALYZER_NUMBER_OBJECT_CONVERSION = YES_AGGRESSIVE;
				CLANG_CXX_LANGUAGE_STANDARD = "gnu++20";
				CLANG_ENABLE_MODULES = YES;
				CLANG_ENABLE_OBJC_ARC = YES;
				CLANG_ENABLE_OBJC_WEAK = YES;
				CLANG_WARN_BLOCK_CAPTURE_AUTORELEASING = YES;
				CLANG_WARN_BOOL_CONVERSION = YES;
				CLANG_WARN_COMMA = YES;
				CLANG_WARN_CONSTANT_CONVERSION = YES;
				CLANG_WARN_DEPRECATED_OBJC_IMPLEMENTATIONS = YES;
				CLANG_WARN_DIRECT_OBJC_ISA_USAGE = YES_ERROR;
				CLANG_WARN_DOCUMENTATION_COMMENTS = YES;
				CLANG_WARN_EMPTY_BODY = YES;
				CLANG_WARN_ENUM_CONVERSION = YES;
				CLANG_WARN_INFINITE_RECURSION = YES;
				CLANG_WARN_INT_CONVERSION = YES;
				CLANG_WARN_NON_LITERAL_NULL_CONVERSION = YES;
				CLANG_WARN_OBJC_IMPLICIT_RETAIN_SELF = YES;
				CLANG_WARN_OBJC_LITERAL_CONVERSION = YES;
				CLANG_WARN_OBJC_ROOT_CLASS = YES_ERROR;
				CLANG_WARN_QUOTED_INCLUDE_IN_FRAMEWORK_HEADER = YES;
				CLANG_WARN_RANGE_LOOP_ANALYSIS = YES;
				CLANG_WARN_STRICT_PROTOTYPES = YES;
				CLANG_WARN_SUSPICIOUS_MOVE = YES;
				CLANG_WARN_UNGUARDED_AVAILABILITY = YES_AGGRESSIVE;
				CLANG_WARN_UNREACHABLE_CODE = YES;
				CLANG_WARN__DUPLICATE_METHOD_MATCH = YES;
				COPY_PHASE_STRIP = NO;
				DEBUG_INFORMATION_FORMAT = dwarf;
				ENABLE_STRICT_OBJC_MSGSEND = YES;
				ENABLE_TESTABILITY = YES;
				ENABLE_USER_SCRIPT_SANDBOXING = YES;
				GCC_C_LANGUAGE_STANDARD = gnu17;
				GCC_DYNAMIC_NO_PIC = NO;
				GCC_NO_COMMON_BLOCKS = YES;
				GCC_OPTIMIZATION_LEVEL = 0;
				GCC_PREPROCESSOR_DEFINITIONS = (
					"DEBUG=1",
					"$(inherited)",
				);
				GCC_WARN_64_TO_32_BIT_CONVERSION = YES;
				GCC_WARN_ABOUT_RETURN_TYPE = YES_ERROR;
				GCC_WARN_UNDECLARED_SELECTOR = YES;
				GCC_WARN_UNINITIALIZED_AUTOS = YES_AGGRESSIVE;
				GCC_WARN_UNUSED_FUNCTION = YES;
				GCC_WARN_UNUSED_VARIABLE = YES;
				IPHONEOS_DEPLOYMENT_TARGET = 18.0;
				LOCALIZATION_PREFERS_STRING_CATALOGS = YES;
				MTL_ENABLE_DEBUG_INFO = INCLUDE_SOURCE;
				MTL_FAST_MATH = YES;
				ONLY_ACTIVE_ARCH = YES;
				SDKROOT = iphoneos;
				SWIFT_ACTIVE_COMPILATION_CONDITIONS = "DEBUG $(inherited)";
				SWIFT_OPTIMIZATION_LEVEL = "-Onone";
			};
			name = Debug;
		};
		153409672CD95B0E00460E3E /* Release */ = {
			isa = XCBuildConfiguration;
			buildSettings = {
				ALWAYS_SEARCH_USER_PATHS = NO;
				ASSETCATALOG_COMPILER_GENERATE_SWIFT_ASSET_SYMBOL_EXTENSIONS = YES;
				CLANG_ANALYZER_NONNULL = YES;
				CLANG_ANALYZER_NUMBER_OBJECT_CONVERSION = YES_AGGRESSIVE;
				CLANG_CXX_LANGUAGE_STANDARD = "gnu++20";
				CLANG_ENABLE_MODULES = YES;
				CLANG_ENABLE_OBJC_ARC = YES;
				CLANG_ENABLE_OBJC_WEAK = YES;
				CLANG_WARN_BLOCK_CAPTURE_AUTORELEASING = YES;
				CLANG_WARN_BOOL_CONVERSION = YES;
				CLANG_WARN_COMMA = YES;
				CLANG_WARN_CONSTANT_CONVERSION = YES;
				CLANG_WARN_DEPRECATED_OBJC_IMPLEMENTATIONS = YES;
				CLANG_WARN_DIRECT_OBJC_ISA_USAGE = YES_ERROR;
				CLANG_WARN_DOCUMENTATION_COMMENTS = YES;
				CLANG_WARN_EMPTY_BODY = YES;
				CLANG_WARN_ENUM_CONVERSION = YES;
				CLANG_WARN_INFINITE_RECURSION = YES;
				CLANG_WARN_INT_CONVERSION = YES;
				CLANG_WARN_NON_LITERAL_NULL_CONVERSION = YES;
				CLANG_WARN_OBJC_IMPLICIT_RETAIN_SELF = YES;
				CLANG_WARN_OBJC_LITERAL_CONVERSION = YES;
				CLANG_WARN_OBJC_ROOT_CLASS = YES_ERROR;
				CLANG_WARN_QUOTED_INCLUDE_IN_FRAMEWORK_HEADER = YES;
				CLANG_WARN_RANGE_LOOP_ANALYSIS = YES;
				CLANG_WARN_STRICT_PROTOTYPES = YES;
				CLANG_WARN_SUSPICIOUS_MOVE = YES;
				CLANG_WARN_UNGUARDED_AVAILABILITY = YES_AGGRESSIVE;
				CLANG_WARN_UNREACHABLE_CODE = YES;
				CLANG_WARN__DUPLICATE_METHOD_MATCH = YES;
				COPY_PHASE_STRIP = NO;
				DEBUG_INFORMATION_FORMAT = "dwarf-with-dsym";
				ENABLE_NS_ASSERTIONS = NO;
				ENABLE_STRICT_OBJC_MSGSEND = YES;
				ENABLE_USER_SCRIPT_SANDBOXING = YES;
				GCC_C_LANGUAGE_STANDARD = gnu17;
				GCC_NO_COMMON_BLOCKS = YES;
				GCC_WARN_64_TO_32_BIT_CONVERSION = YES;
				GCC_WARN_ABOUT_RETURN_TYPE = YES_ERROR;
				GCC_WARN_UNDECLARED_SELECTOR = YES;
				GCC_WARN_UNINITIALIZED_AUTOS = YES_AGGRESSIVE;
				GCC_WARN_UNUSED_FUNCTION = YES;
				GCC_WARN_UNUSED_VARIABLE = YES;
				IPHONEOS_DEPLOYMENT_TARGET = 18.0;
				LOCALIZATION_PREFERS_STRING_CATALOGS = YES;
				MTL_ENABLE_DEBUG_INFO = NO;
				MTL_FAST_MATH = YES;
				SDKROOT = iphoneos;
				SWIFT_COMPILATION_MODE = wholemodule;
				VALIDATE_PRODUCT = YES;
			};
			name = Release;
		};
/* End XCBuildConfiguration section */

/* Begin XCConfigurationList section */
		150B956F2D12305C0068662F /* Build configuration list for PBXNativeTarget "EnhancementTests" */ = {
			isa = XCConfigurationList;
			buildConfigurations = (
				150B95702D12305C0068662F /* Debug */,
				150B95712D12305C0068662F /* Release */,
			);
			defaultConfigurationIsVisible = 0;
			defaultConfigurationName = Release;
		};
		1534094B2CD95B0B00460E3E /* Build configuration list for PBXProject "Enhancement" */ = {
			isa = XCConfigurationList;
			buildConfigurations = (
				153409662CD95B0E00460E3E /* Debug */,
				153409672CD95B0E00460E3E /* Release */,
			);
			defaultConfigurationIsVisible = 0;
			defaultConfigurationName = Release;
		};
		153409632CD95B0E00460E3E /* Build configuration list for PBXNativeTarget "Enhancement" */ = {
			isa = XCConfigurationList;
			buildConfigurations = (
				153409642CD95B0E00460E3E /* Debug */,
				153409652CD95B0E00460E3E /* Release */,
			);
			defaultConfigurationIsVisible = 0;
			defaultConfigurationName = Release;
		};
/* End XCConfigurationList section */

/* Begin XCRemoteSwiftPackageReference section */
		159DD8E32CFB9F0E002586E7 /* XCRemoteSwiftPackageReference "Alamofire" */ = {
			isa = XCRemoteSwiftPackageReference;
			repositoryURL = "https://github.com/Alamofire/Alamofire";
			requirement = {
				kind = upToNextMajorVersion;
				minimumVersion = 5.10.2;
			};
		};
/* End XCRemoteSwiftPackageReference section */

/* Begin XCSwiftPackageProductDependency section */
		159DD8E42CFB9F0E002586E7 /* Alamofire */ = {
			isa = XCSwiftPackageProductDependency;
			package = 159DD8E32CFB9F0E002586E7 /* XCRemoteSwiftPackageReference "Alamofire" */;
			productName = Alamofire;
		};
/* End XCSwiftPackageProductDependency section */
	};
	rootObject = 153409482CD95B0B00460E3E /* Project object */;
}
